
Microsoft Visual Studio Solution File, Format Version 12.00
# Visual Studio 15
VisualStudioVersion = 15.0.27703.2047
MinimumVisualStudioVersion = 10.0.40219.1
Project("{FAE04EC0-301F-11D3-BF4B-00C04F79EFBC}") = "CentralitaPolimorfismo", "CentralitaPolimorfismo\CentralitaPolimorfismo.csproj", "{48B85484-7281-4E26-91C4-C995A0F2E649}"
EndProject
Project("{FAE04EC0-301F-11D3-BF4B-00C04F79EFBC}") = "CentralitaWindowsForms", "..\CentralitaWindowsForms_starter\CentralitaWindowsForms\CentralitaWindowsForms.csproj", "{9C127181-9D8C-4D0A-8A53-C66D8C0F8480}"
EndProject
Project("{FAE04EC0-301F-11D3-BF4B-00C04F79EFBC}") = "CentralitaPolimorfismo.Entidades", "CentralitaPolimorfismo.Entidades\CentralitaPolimorfismo.Entidades.csproj", "{59BFD8F5-F2C9-4B4E-A79E-57E54E029A69}"
EndProject
Global
	GlobalSection(SolutionConfigurationPlatforms) = preSolution
		Debug|Any CPU = Debug|Any CPU
		Release|Any CPU = Release|Any CPU
	EndGlobalSection
	GlobalSection(ProjectConfigurationPlatforms) = postSolution
		{48B85484-7281-4E26-91C4-C995A0F2E649}.Debug|Any CPU.ActiveCfg = Debug|Any CPU
		{48B85484-7281-4E26-91C4-C995A0F2E649}.Debug|Any CPU.Build.0 = Debug|Any CPU
		{48B85484-7281-4E26-91C4-C995A0F2E649}.Release|Any CPU.ActiveCfg = Release|Any CPU
		{48B85484-7281-4E26-91C4-C995A0F2E649}.Release|Any CPU.Build.0 = Release|Any CPU
		{9C127181-9D8C-4D0A-8A53-C66D8C0F8480}.Debug|Any CPU.ActiveCfg = Debug|Any CPU
		{9C127181-9D8C-4D0A-8A53-C66D8C0F8480}.Debug|Any CPU.Build.0 = Debug|Any CPU
		{9C127181-9D8C-4D0A-8A53-C66D8C0F8480}.Release|Any CPU.ActiveCfg = Release|Any CPU
		{9C127181-9D8C-4D0A-8A53-C66D8C0F8480}.Release|Any CPU.Build.0 = Release|Any CPU
		{59BFD8F5-F2C9-4B4E-A79E-57E54E029A69}.Debug|Any CPU.ActiveCfg = Debug|Any CPU
		{59BFD8F5-F2C9-4B4E-A79E-57E54E029A69}.Debug|Any CPU.Build.0 = Debug|Any CPU
		{59BFD8F5-F2C9-4B4E-A79E-57E54E029A69}.Release|Any CPU.ActiveCfg = Release|Any CPU
		{59BFD8F5-F2C9-4B4E-A79E-57E54E029A69}.Release|Any CPU.Build.0 = Release|Any CPU
	EndGlobalSection
	GlobalSection(SolutionProperties) = preSolution
		HideSolutionNode = FALSE
	EndGlobalSection
	GlobalSection(ExtensibilityGlobals) = postSolution
		SolutionGuid = {684ECEDD-A323-48F2-ADB0-E79564DCE47F}
	EndGlobalSection
EndGlobal
