
Microsoft Visual Studio Solution File, Format Version 12.00
# Visual Studio 15
VisualStudioVersion = 15.0.27703.2047
MinimumVisualStudioVersion = 10.0.40219.1
Project("{FAE04EC0-301F-11D3-BF4B-00C04F79EFBC}") = "Consola", "Consola\Consola.csproj", "{6C50CA5C-627C-4FD2-BB2E-E758ADAAC01D}"
EndProject
Project("{FAE04EC0-301F-11D3-BF4B-00C04F79EFBC}") = "Entidades", "Entidades\Entidades.csproj", "{C3D33D5D-20C5-46E3-862E-2658E915F034}"
EndProject
Project("{FAE04EC0-301F-11D3-BF4B-00C04F79EFBC}") = "Formulario", "Formulario\Formulario.csproj", "{7E4A4CD1-DEEE-47AF-B333-18E8613C0448}"
EndProject
Global
	GlobalSection(SolutionConfigurationPlatforms) = preSolution
		Debug|Any CPU = Debug|Any CPU
		Release|Any CPU = Release|Any CPU
	EndGlobalSection
	GlobalSection(ProjectConfigurationPlatforms) = postSolution
		{6C50CA5C-627C-4FD2-BB2E-E758ADAAC01D}.Debug|Any CPU.ActiveCfg = Debug|Any CPU
		{6C50CA5C-627C-4FD2-BB2E-E758ADAAC01D}.Debug|Any CPU.Build.0 = Debug|Any CPU
		{6C50CA5C-627C-4FD2-BB2E-E758ADAAC01D}.Release|Any CPU.ActiveCfg = Release|Any CPU
		{6C50CA5C-627C-4FD2-BB2E-E758ADAAC01D}.Release|Any CPU.Build.0 = Release|Any CPU
		{C3D33D5D-20C5-46E3-862E-2658E915F034}.Debug|Any CPU.ActiveCfg = Debug|Any CPU
		{C3D33D5D-20C5-46E3-862E-2658E915F034}.Debug|Any CPU.Build.0 = Debug|Any CPU
		{C3D33D5D-20C5-46E3-862E-2658E915F034}.Release|Any CPU.ActiveCfg = Release|Any CPU
		{C3D33D5D-20C5-46E3-862E-2658E915F034}.Release|Any CPU.Build.0 = Release|Any CPU
		{7E4A4CD1-DEEE-47AF-B333-18E8613C0448}.Debug|Any CPU.ActiveCfg = Debug|Any CPU
		{7E4A4CD1-DEEE-47AF-B333-18E8613C0448}.Debug|Any CPU.Build.0 = Debug|Any CPU
		{7E4A4CD1-DEEE-47AF-B333-18E8613C0448}.Release|Any CPU.ActiveCfg = Release|Any CPU
		{7E4A4CD1-DEEE-47AF-B333-18E8613C0448}.Release|Any CPU.Build.0 = Release|Any CPU
	EndGlobalSection
	GlobalSection(SolutionProperties) = preSolution
		HideSolutionNode = FALSE
	EndGlobalSection
	GlobalSection(ExtensibilityGlobals) = postSolution
		SolutionGuid = {B4578CB0-7B99-4115-A7E9-7741A6B3080E}
	EndGlobalSection
EndGlobal
