
Microsoft Visual Studio Solution File, Format Version 12.00
# Visual Studio 15
VisualStudioVersion = 15.0.27703.2047
MinimumVisualStudioVersion = 10.0.40219.1
Project("{FAE04EC0-301F-11D3-BF4B-00C04F79EFBC}") = "Entidades", "Entidades\Entidades.csproj", "{F32AFEE5-44DE-434D-BADB-7AEDAE33BD7E}"
EndProject
Project("{FAE04EC0-301F-11D3-BF4B-00C04F79EFBC}") = "FormSistemaSolar", "FormSistemaSolar\FormSistemaSolar.csproj", "{FC00F512-3908-4CD8-9A93-4DC63CD4E937}"
EndProject
Project("{FAE04EC0-301F-11D3-BF4B-00C04F79EFBC}") = "Test", "Test\Test.csproj", "{173F0E62-9FEC-4797-8FDF-81E5171125AB}"
EndProject
Global
	GlobalSection(SolutionConfigurationPlatforms) = preSolution
		Debug|Any CPU = Debug|Any CPU
		Release|Any CPU = Release|Any CPU
	EndGlobalSection
	GlobalSection(ProjectConfigurationPlatforms) = postSolution
		{F32AFEE5-44DE-434D-BADB-7AEDAE33BD7E}.Debug|Any CPU.ActiveCfg = Debug|Any CPU
		{F32AFEE5-44DE-434D-BADB-7AEDAE33BD7E}.Debug|Any CPU.Build.0 = Debug|Any CPU
		{F32AFEE5-44DE-434D-BADB-7AEDAE33BD7E}.Release|Any CPU.ActiveCfg = Release|Any CPU
		{F32AFEE5-44DE-434D-BADB-7AEDAE33BD7E}.Release|Any CPU.Build.0 = Release|Any CPU
		{FC00F512-3908-4CD8-9A93-4DC63CD4E937}.Debug|Any CPU.ActiveCfg = Debug|Any CPU
		{FC00F512-3908-4CD8-9A93-4DC63CD4E937}.Debug|Any CPU.Build.0 = Debug|Any CPU
		{FC00F512-3908-4CD8-9A93-4DC63CD4E937}.Release|Any CPU.ActiveCfg = Release|Any CPU
		{FC00F512-3908-4CD8-9A93-4DC63CD4E937}.Release|Any CPU.Build.0 = Release|Any CPU
		{173F0E62-9FEC-4797-8FDF-81E5171125AB}.Debug|Any CPU.ActiveCfg = Debug|Any CPU
		{173F0E62-9FEC-4797-8FDF-81E5171125AB}.Debug|Any CPU.Build.0 = Debug|Any CPU
		{173F0E62-9FEC-4797-8FDF-81E5171125AB}.Release|Any CPU.ActiveCfg = Release|Any CPU
		{173F0E62-9FEC-4797-8FDF-81E5171125AB}.Release|Any CPU.Build.0 = Release|Any CPU
	EndGlobalSection
	GlobalSection(SolutionProperties) = preSolution
		HideSolutionNode = FALSE
	EndGlobalSection
	GlobalSection(ExtensibilityGlobals) = postSolution
		SolutionGuid = {7284C4C5-47ED-4822-BAB8-4471ECFAFCDC}
	EndGlobalSection
EndGlobal
