
Microsoft Visual Studio Solution File, Format Version 12.00
# Visual Studio 15
VisualStudioVersion = 15.0.27703.2047
MinimumVisualStudioVersion = 10.0.40219.1
Project("{FAE04EC0-301F-11D3-BF4B-00C04F79EFBC}") = "Ejercicio01", "Ejercicio01\Ejercicio01.csproj", "{434C6472-0D00-4E75-984C-F71F602C859D}"
EndProject
Project("{FAE04EC0-301F-11D3-BF4B-00C04F79EFBC}") = "Ejercicio02", "Ejercicio02\Ejercicio02.csproj", "{A5C48130-B244-41FC-98A9-F3B2F335FE58}"
EndProject
Project("{FAE04EC0-301F-11D3-BF4B-00C04F79EFBC}") = "Ejercicio03", "Ejercicio03\Ejercicio03.csproj", "{2FE7AE6E-1207-4C36-90A8-B717FCA44FF0}"
EndProject
Project("{FAE04EC0-301F-11D3-BF4B-00C04F79EFBC}") = "Ejercicio04", "Ejercicio04\Ejercicio04.csproj", "{6B0C4864-2F85-4BE1-B75D-4F70A405B3A5}"
EndProject
Project("{FAE04EC0-301F-11D3-BF4B-00C04F79EFBC}") = "Ejercicio06", "Ejercicio06\Ejercicio06.csproj", "{75FAAE2A-77D6-4F36-8BE0-A72EE529CC0F}"
EndProject
Project("{FAE04EC0-301F-11D3-BF4B-00C04F79EFBC}") = "Ejercicio07", "Ejercicio07\Ejercicio07.csproj", "{B9526DE1-B634-45F9-AAF6-11AF4C3E32BB}"
EndProject
Project("{FAE04EC0-301F-11D3-BF4B-00C04F79EFBC}") = "Ejercicio08", "Ejercicio08\Ejercicio08.csproj", "{4DBD69FE-10F3-4869-8AA5-8C0D14451F65}"
EndProject
Project("{FAE04EC0-301F-11D3-BF4B-00C04F79EFBC}") = "Ejercicio09", "Ejercicio09\Ejercicio09.csproj", "{2F7A3753-8D69-4B73-AE80-5E1F07DF2AFA}"
EndProject
Project("{FAE04EC0-301F-11D3-BF4B-00C04F79EFBC}") = "Ejercicio10", "Ejercicio10\Ejercicio10.csproj", "{46EC4F64-A53B-4785-9FAB-3AA6A7CEFE3C}"
EndProject
Project("{FAE04EC0-301F-11D3-BF4B-00C04F79EFBC}") = "Ejercicio11", "Ejercicio11\Ejercicio11.csproj", "{71F452A3-4C78-4D12-B816-84A8E091A260}"
EndProject
Project("{FAE04EC0-301F-11D3-BF4B-00C04F79EFBC}") = "Ejercicio12", "Ejercicio12\Ejercicio12.csproj", "{54B5D27B-FC03-4232-8321-A66ED29B471B}"
EndProject
Project("{FAE04EC0-301F-11D3-BF4B-00C04F79EFBC}") = "Ejercicio13", "Ejercicio13\Ejercicio13.csproj", "{23FB8FC3-8CB1-483F-AF4F-8C30D1857F5E}"
EndProject
Project("{FAE04EC0-301F-11D3-BF4B-00C04F79EFBC}") = "Ejercicio14", "Ejercicio14\Ejercicio14.csproj", "{12F2F966-A0C6-41DF-8A98-331F8F6A6CE1}"
EndProject
Project("{FAE04EC0-301F-11D3-BF4B-00C04F79EFBC}") = "Ejercicio15", "Ejercicio15\Ejercicio15.csproj", "{4140C223-B5D8-4178-B54D-8F5B1913DB52}"
EndProject
Project("{FAE04EC0-301F-11D3-BF4B-00C04F79EFBC}") = "Ejercicio16", "Ejercicio16\Ejercicio16.csproj", "{C8D8EF4D-8045-4A99-891E-393B895535BC}"
EndProject
Project("{FAE04EC0-301F-11D3-BF4B-00C04F79EFBC}") = "Ejercicio17", "Ejercicio17\Ejercicio17.csproj", "{34BD4E95-1E76-405D-B83B-129F6B337F1C}"
EndProject
Project("{FAE04EC0-301F-11D3-BF4B-00C04F79EFBC}") = "Ejercicio18", "Ejercicio18\Ejercicio18.csproj", "{D18652C8-36FE-4C14-BAE8-571810E75BC0}"
EndProject
Project("{FAE04EC0-301F-11D3-BF4B-00C04F79EFBC}") = "Ejercicio19", "Ejercicio19\Ejercicio19.csproj", "{1B6944B6-673C-410C-B03E-AAD7B44EECF2}"
EndProject
Project("{FAE04EC0-301F-11D3-BF4B-00C04F79EFBC}") = "Ejercicio20", "Ejercicio20\Ejercicio20.csproj", "{4B415147-4C1D-41C1-824C-6DD07E0BC439}"
EndProject
Project("{FAE04EC0-301F-11D3-BF4B-00C04F79EFBC}") = "Ejercicio22", "Ejercicio22\Ejercicio22.csproj", "{21009276-3762-47F3-B5BA-873F1E60EC97}"
EndProject
Project("{FAE04EC0-301F-11D3-BF4B-00C04F79EFBC}") = "Ejercicio25", "Ejercicio25\Ejercicio25.csproj", "{9D9A58C1-37A7-49EF-BD35-3F63F2E70CA4}"
EndProject
Project("{FAE04EC0-301F-11D3-BF4B-00C04F79EFBC}") = "Ejercicio26", "Ejercicio26\Ejercicio26.csproj", "{7D07F5DC-4CD3-46E7-A803-FC7B7389271E}"
EndProject
Project("{FAE04EC0-301F-11D3-BF4B-00C04F79EFBC}") = "Ejercicio27", "Ejercicio27\Ejercicio27.csproj", "{B211E05E-3C53-4436-87B5-03B366F8C136}"
EndProject
Project("{FAE04EC0-301F-11D3-BF4B-00C04F79EFBC}") = "Ejercicio28", "Ejercicio28\Ejercicio28.csproj", "{BC23220B-4BB1-412E-85D6-4AFD8C3340FA}"
EndProject
Project("{FAE04EC0-301F-11D3-BF4B-00C04F79EFBC}") = "Ejercicio37", "Ejercicio37\Ejercicio37.csproj", "{E3DE5046-3ACA-4ADA-8E53-DDFA9616CFB7}"
EndProject
Project("{2150E333-8FDC-42A3-9474-1A3956D46DE8}") = "Ejercicio40_", "Ejercicio40_", "{7ECC664A-E7E7-46F1-8B26-EAE0723180B3}"
EndProject
Project("{FAE04EC0-301F-11D3-BF4B-00C04F79EFBC}") = "Ejercicio40", "Ejercicio40\Ejercicio40.csproj", "{E9C6369C-DA0A-46D8-B803-65573CEBAD3A}"
EndProject
Project("{FAE04EC0-301F-11D3-BF4B-00C04F79EFBC}") = "Ejercicio41", "Ejercicio41\Ejercicio41.csproj", "{9CADD5DF-A269-4AF1-8F5A-F1FEECA2E78A}"
EndProject
Project("{FAE04EC0-301F-11D3-BF4B-00C04F79EFBC}") = "Ejercicio44", "Ejercicio44\Ejercicio44.csproj", "{4432B2F1-5F2D-42CE-B48D-8163F2377C5C}"
EndProject
Project("{FAE04EC0-301F-11D3-BF4B-00C04F79EFBC}") = "Ejercicio61", "Ejercicio61\Ejercicio61.csproj", "{82C10A6A-CC6B-46F7-9A8C-2C98A11DCDD2}"
EndProject
Project("{FAE04EC0-301F-11D3-BF4B-00C04F79EFBC}") = "Ejercicio63", "Ejercicio63\Ejercicio63.csproj", "{611BC249-EA81-4C52-B519-47CF345491B7}"
EndProject
Project("{FAE04EC0-301F-11D3-BF4B-00C04F79EFBC}") = "Ejercicio61_v2", "Ejercicio61_v2\Ejercicio61_v2.csproj", "{FE3B2171-AC8E-4128-995B-407B2B8B2506}"
EndProject
Project("{FAE04EC0-301F-11D3-BF4B-00C04F79EFBC}") = "Ejercicio47", "Ejercicio47\Ejercicio47.csproj", "{FD8DAF01-0D98-4B38-9B58-C04B6E83DF5E}"
EndProject
Project("{FAE04EC0-301F-11D3-BF4B-00C04F79EFBC}") = "Ejercicio47_Consola", "Ejercicio47_Consola\Ejercicio47_Consola.csproj", "{F2D672A4-6038-43D7-9B20-33DACA447CA4}"
EndProject
Project("{FAE04EC0-301F-11D3-BF4B-00C04F79EFBC}") = "Ejercicio68", "Ejercicio68\Ejercicio68.csproj", "{46D20822-5618-4C85-9484-0A1DC2072797}"
EndProject
Global
	GlobalSection(SolutionConfigurationPlatforms) = preSolution
		Debug|Any CPU = Debug|Any CPU
		Release|Any CPU = Release|Any CPU
	EndGlobalSection
	GlobalSection(ProjectConfigurationPlatforms) = postSolution
		{434C6472-0D00-4E75-984C-F71F602C859D}.Debug|Any CPU.ActiveCfg = Debug|Any CPU
		{434C6472-0D00-4E75-984C-F71F602C859D}.Debug|Any CPU.Build.0 = Debug|Any CPU
		{434C6472-0D00-4E75-984C-F71F602C859D}.Release|Any CPU.ActiveCfg = Release|Any CPU
		{434C6472-0D00-4E75-984C-F71F602C859D}.Release|Any CPU.Build.0 = Release|Any CPU
		{A5C48130-B244-41FC-98A9-F3B2F335FE58}.Debug|Any CPU.ActiveCfg = Debug|Any CPU
		{A5C48130-B244-41FC-98A9-F3B2F335FE58}.Debug|Any CPU.Build.0 = Debug|Any CPU
		{A5C48130-B244-41FC-98A9-F3B2F335FE58}.Release|Any CPU.ActiveCfg = Release|Any CPU
		{A5C48130-B244-41FC-98A9-F3B2F335FE58}.Release|Any CPU.Build.0 = Release|Any CPU
		{2FE7AE6E-1207-4C36-90A8-B717FCA44FF0}.Debug|Any CPU.ActiveCfg = Debug|Any CPU
		{2FE7AE6E-1207-4C36-90A8-B717FCA44FF0}.Debug|Any CPU.Build.0 = Debug|Any CPU
		{2FE7AE6E-1207-4C36-90A8-B717FCA44FF0}.Release|Any CPU.ActiveCfg = Release|Any CPU
		{2FE7AE6E-1207-4C36-90A8-B717FCA44FF0}.Release|Any CPU.Build.0 = Release|Any CPU
		{6B0C4864-2F85-4BE1-B75D-4F70A405B3A5}.Debug|Any CPU.ActiveCfg = Debug|Any CPU
		{6B0C4864-2F85-4BE1-B75D-4F70A405B3A5}.Debug|Any CPU.Build.0 = Debug|Any CPU
		{6B0C4864-2F85-4BE1-B75D-4F70A405B3A5}.Release|Any CPU.ActiveCfg = Release|Any CPU
		{6B0C4864-2F85-4BE1-B75D-4F70A405B3A5}.Release|Any CPU.Build.0 = Release|Any CPU
		{75FAAE2A-77D6-4F36-8BE0-A72EE529CC0F}.Debug|Any CPU.ActiveCfg = Debug|Any CPU
		{75FAAE2A-77D6-4F36-8BE0-A72EE529CC0F}.Debug|Any CPU.Build.0 = Debug|Any CPU
		{75FAAE2A-77D6-4F36-8BE0-A72EE529CC0F}.Release|Any CPU.ActiveCfg = Release|Any CPU
		{75FAAE2A-77D6-4F36-8BE0-A72EE529CC0F}.Release|Any CPU.Build.0 = Release|Any CPU
		{B9526DE1-B634-45F9-AAF6-11AF4C3E32BB}.Debug|Any CPU.ActiveCfg = Debug|Any CPU
		{B9526DE1-B634-45F9-AAF6-11AF4C3E32BB}.Debug|Any CPU.Build.0 = Debug|Any CPU
		{B9526DE1-B634-45F9-AAF6-11AF4C3E32BB}.Release|Any CPU.ActiveCfg = Release|Any CPU
		{B9526DE1-B634-45F9-AAF6-11AF4C3E32BB}.Release|Any CPU.Build.0 = Release|Any CPU
		{4DBD69FE-10F3-4869-8AA5-8C0D14451F65}.Debug|Any CPU.ActiveCfg = Debug|Any CPU
		{4DBD69FE-10F3-4869-8AA5-8C0D14451F65}.Debug|Any CPU.Build.0 = Debug|Any CPU
		{4DBD69FE-10F3-4869-8AA5-8C0D14451F65}.Release|Any CPU.ActiveCfg = Release|Any CPU
		{4DBD69FE-10F3-4869-8AA5-8C0D14451F65}.Release|Any CPU.Build.0 = Release|Any CPU
		{2F7A3753-8D69-4B73-AE80-5E1F07DF2AFA}.Debug|Any CPU.ActiveCfg = Debug|Any CPU
		{2F7A3753-8D69-4B73-AE80-5E1F07DF2AFA}.Debug|Any CPU.Build.0 = Debug|Any CPU
		{2F7A3753-8D69-4B73-AE80-5E1F07DF2AFA}.Release|Any CPU.ActiveCfg = Release|Any CPU
		{2F7A3753-8D69-4B73-AE80-5E1F07DF2AFA}.Release|Any CPU.Build.0 = Release|Any CPU
		{46EC4F64-A53B-4785-9FAB-3AA6A7CEFE3C}.Debug|Any CPU.ActiveCfg = Debug|Any CPU
		{46EC4F64-A53B-4785-9FAB-3AA6A7CEFE3C}.Debug|Any CPU.Build.0 = Debug|Any CPU
		{46EC4F64-A53B-4785-9FAB-3AA6A7CEFE3C}.Release|Any CPU.ActiveCfg = Release|Any CPU
		{46EC4F64-A53B-4785-9FAB-3AA6A7CEFE3C}.Release|Any CPU.Build.0 = Release|Any CPU
		{71F452A3-4C78-4D12-B816-84A8E091A260}.Debug|Any CPU.ActiveCfg = Debug|Any CPU
		{71F452A3-4C78-4D12-B816-84A8E091A260}.Debug|Any CPU.Build.0 = Debug|Any CPU
		{71F452A3-4C78-4D12-B816-84A8E091A260}.Release|Any CPU.ActiveCfg = Release|Any CPU
		{71F452A3-4C78-4D12-B816-84A8E091A260}.Release|Any CPU.Build.0 = Release|Any CPU
		{54B5D27B-FC03-4232-8321-A66ED29B471B}.Debug|Any CPU.ActiveCfg = Debug|Any CPU
		{54B5D27B-FC03-4232-8321-A66ED29B471B}.Debug|Any CPU.Build.0 = Debug|Any CPU
		{54B5D27B-FC03-4232-8321-A66ED29B471B}.Release|Any CPU.ActiveCfg = Release|Any CPU
		{54B5D27B-FC03-4232-8321-A66ED29B471B}.Release|Any CPU.Build.0 = Release|Any CPU
		{23FB8FC3-8CB1-483F-AF4F-8C30D1857F5E}.Debug|Any CPU.ActiveCfg = Debug|Any CPU
		{23FB8FC3-8CB1-483F-AF4F-8C30D1857F5E}.Debug|Any CPU.Build.0 = Debug|Any CPU
		{23FB8FC3-8CB1-483F-AF4F-8C30D1857F5E}.Release|Any CPU.ActiveCfg = Release|Any CPU
		{23FB8FC3-8CB1-483F-AF4F-8C30D1857F5E}.Release|Any CPU.Build.0 = Release|Any CPU
		{12F2F966-A0C6-41DF-8A98-331F8F6A6CE1}.Debug|Any CPU.ActiveCfg = Debug|Any CPU
		{12F2F966-A0C6-41DF-8A98-331F8F6A6CE1}.Debug|Any CPU.Build.0 = Debug|Any CPU
		{12F2F966-A0C6-41DF-8A98-331F8F6A6CE1}.Release|Any CPU.ActiveCfg = Release|Any CPU
		{12F2F966-A0C6-41DF-8A98-331F8F6A6CE1}.Release|Any CPU.Build.0 = Release|Any CPU
		{4140C223-B5D8-4178-B54D-8F5B1913DB52}.Debug|Any CPU.ActiveCfg = Debug|Any CPU
		{4140C223-B5D8-4178-B54D-8F5B1913DB52}.Debug|Any CPU.Build.0 = Debug|Any CPU
		{4140C223-B5D8-4178-B54D-8F5B1913DB52}.Release|Any CPU.ActiveCfg = Release|Any CPU
		{4140C223-B5D8-4178-B54D-8F5B1913DB52}.Release|Any CPU.Build.0 = Release|Any CPU
		{C8D8EF4D-8045-4A99-891E-393B895535BC}.Debug|Any CPU.ActiveCfg = Debug|Any CPU
		{C8D8EF4D-8045-4A99-891E-393B895535BC}.Debug|Any CPU.Build.0 = Debug|Any CPU
		{C8D8EF4D-8045-4A99-891E-393B895535BC}.Release|Any CPU.ActiveCfg = Release|Any CPU
		{C8D8EF4D-8045-4A99-891E-393B895535BC}.Release|Any CPU.Build.0 = Release|Any CPU
		{34BD4E95-1E76-405D-B83B-129F6B337F1C}.Debug|Any CPU.ActiveCfg = Debug|Any CPU
		{34BD4E95-1E76-405D-B83B-129F6B337F1C}.Debug|Any CPU.Build.0 = Debug|Any CPU
		{34BD4E95-1E76-405D-B83B-129F6B337F1C}.Release|Any CPU.ActiveCfg = Release|Any CPU
		{34BD4E95-1E76-405D-B83B-129F6B337F1C}.Release|Any CPU.Build.0 = Release|Any CPU
		{D18652C8-36FE-4C14-BAE8-571810E75BC0}.Debug|Any CPU.ActiveCfg = Debug|Any CPU
		{D18652C8-36FE-4C14-BAE8-571810E75BC0}.Debug|Any CPU.Build.0 = Debug|Any CPU
		{D18652C8-36FE-4C14-BAE8-571810E75BC0}.Release|Any CPU.ActiveCfg = Release|Any CPU
		{D18652C8-36FE-4C14-BAE8-571810E75BC0}.Release|Any CPU.Build.0 = Release|Any CPU
		{1B6944B6-673C-410C-B03E-AAD7B44EECF2}.Debug|Any CPU.ActiveCfg = Debug|Any CPU
		{1B6944B6-673C-410C-B03E-AAD7B44EECF2}.Debug|Any CPU.Build.0 = Debug|Any CPU
		{1B6944B6-673C-410C-B03E-AAD7B44EECF2}.Release|Any CPU.ActiveCfg = Release|Any CPU
		{1B6944B6-673C-410C-B03E-AAD7B44EECF2}.Release|Any CPU.Build.0 = Release|Any CPU
		{4B415147-4C1D-41C1-824C-6DD07E0BC439}.Debug|Any CPU.ActiveCfg = Debug|Any CPU
		{4B415147-4C1D-41C1-824C-6DD07E0BC439}.Debug|Any CPU.Build.0 = Debug|Any CPU
		{4B415147-4C1D-41C1-824C-6DD07E0BC439}.Release|Any CPU.ActiveCfg = Release|Any CPU
		{4B415147-4C1D-41C1-824C-6DD07E0BC439}.Release|Any CPU.Build.0 = Release|Any CPU
		{21009276-3762-47F3-B5BA-873F1E60EC97}.Debug|Any CPU.ActiveCfg = Debug|Any CPU
		{21009276-3762-47F3-B5BA-873F1E60EC97}.Debug|Any CPU.Build.0 = Debug|Any CPU
		{21009276-3762-47F3-B5BA-873F1E60EC97}.Release|Any CPU.ActiveCfg = Release|Any CPU
		{21009276-3762-47F3-B5BA-873F1E60EC97}.Release|Any CPU.Build.0 = Release|Any CPU
		{9D9A58C1-37A7-49EF-BD35-3F63F2E70CA4}.Debug|Any CPU.ActiveCfg = Debug|Any CPU
		{9D9A58C1-37A7-49EF-BD35-3F63F2E70CA4}.Debug|Any CPU.Build.0 = Debug|Any CPU
		{9D9A58C1-37A7-49EF-BD35-3F63F2E70CA4}.Release|Any CPU.ActiveCfg = Release|Any CPU
		{9D9A58C1-37A7-49EF-BD35-3F63F2E70CA4}.Release|Any CPU.Build.0 = Release|Any CPU
		{7D07F5DC-4CD3-46E7-A803-FC7B7389271E}.Debug|Any CPU.ActiveCfg = Debug|Any CPU
		{7D07F5DC-4CD3-46E7-A803-FC7B7389271E}.Debug|Any CPU.Build.0 = Debug|Any CPU
		{7D07F5DC-4CD3-46E7-A803-FC7B7389271E}.Release|Any CPU.ActiveCfg = Release|Any CPU
		{7D07F5DC-4CD3-46E7-A803-FC7B7389271E}.Release|Any CPU.Build.0 = Release|Any CPU
		{B211E05E-3C53-4436-87B5-03B366F8C136}.Debug|Any CPU.ActiveCfg = Debug|Any CPU
		{B211E05E-3C53-4436-87B5-03B366F8C136}.Debug|Any CPU.Build.0 = Debug|Any CPU
		{B211E05E-3C53-4436-87B5-03B366F8C136}.Release|Any CPU.ActiveCfg = Release|Any CPU
		{B211E05E-3C53-4436-87B5-03B366F8C136}.Release|Any CPU.Build.0 = Release|Any CPU
		{BC23220B-4BB1-412E-85D6-4AFD8C3340FA}.Debug|Any CPU.ActiveCfg = Debug|Any CPU
		{BC23220B-4BB1-412E-85D6-4AFD8C3340FA}.Debug|Any CPU.Build.0 = Debug|Any CPU
		{BC23220B-4BB1-412E-85D6-4AFD8C3340FA}.Release|Any CPU.ActiveCfg = Release|Any CPU
		{BC23220B-4BB1-412E-85D6-4AFD8C3340FA}.Release|Any CPU.Build.0 = Release|Any CPU
		{E3DE5046-3ACA-4ADA-8E53-DDFA9616CFB7}.Debug|Any CPU.ActiveCfg = Debug|Any CPU
		{E3DE5046-3ACA-4ADA-8E53-DDFA9616CFB7}.Debug|Any CPU.Build.0 = Debug|Any CPU
		{E3DE5046-3ACA-4ADA-8E53-DDFA9616CFB7}.Release|Any CPU.ActiveCfg = Release|Any CPU
		{E3DE5046-3ACA-4ADA-8E53-DDFA9616CFB7}.Release|Any CPU.Build.0 = Release|Any CPU
		{E9C6369C-DA0A-46D8-B803-65573CEBAD3A}.Debug|Any CPU.ActiveCfg = Debug|Any CPU
		{E9C6369C-DA0A-46D8-B803-65573CEBAD3A}.Debug|Any CPU.Build.0 = Debug|Any CPU
		{E9C6369C-DA0A-46D8-B803-65573CEBAD3A}.Release|Any CPU.ActiveCfg = Release|Any CPU
		{E9C6369C-DA0A-46D8-B803-65573CEBAD3A}.Release|Any CPU.Build.0 = Release|Any CPU
		{9CADD5DF-A269-4AF1-8F5A-F1FEECA2E78A}.Debug|Any CPU.ActiveCfg = Debug|Any CPU
		{9CADD5DF-A269-4AF1-8F5A-F1FEECA2E78A}.Debug|Any CPU.Build.0 = Debug|Any CPU
		{9CADD5DF-A269-4AF1-8F5A-F1FEECA2E78A}.Release|Any CPU.ActiveCfg = Release|Any CPU
		{9CADD5DF-A269-4AF1-8F5A-F1FEECA2E78A}.Release|Any CPU.Build.0 = Release|Any CPU
		{4432B2F1-5F2D-42CE-B48D-8163F2377C5C}.Debug|Any CPU.ActiveCfg = Debug|Any CPU
		{4432B2F1-5F2D-42CE-B48D-8163F2377C5C}.Debug|Any CPU.Build.0 = Debug|Any CPU
		{4432B2F1-5F2D-42CE-B48D-8163F2377C5C}.Release|Any CPU.ActiveCfg = Release|Any CPU
		{4432B2F1-5F2D-42CE-B48D-8163F2377C5C}.Release|Any CPU.Build.0 = Release|Any CPU
		{82C10A6A-CC6B-46F7-9A8C-2C98A11DCDD2}.Debug|Any CPU.ActiveCfg = Debug|Any CPU
		{82C10A6A-CC6B-46F7-9A8C-2C98A11DCDD2}.Debug|Any CPU.Build.0 = Debug|Any CPU
		{82C10A6A-CC6B-46F7-9A8C-2C98A11DCDD2}.Release|Any CPU.ActiveCfg = Release|Any CPU
		{82C10A6A-CC6B-46F7-9A8C-2C98A11DCDD2}.Release|Any CPU.Build.0 = Release|Any CPU
		{611BC249-EA81-4C52-B519-47CF345491B7}.Debug|Any CPU.ActiveCfg = Debug|Any CPU
		{611BC249-EA81-4C52-B519-47CF345491B7}.Debug|Any CPU.Build.0 = Debug|Any CPU
		{611BC249-EA81-4C52-B519-47CF345491B7}.Release|Any CPU.ActiveCfg = Release|Any CPU
		{611BC249-EA81-4C52-B519-47CF345491B7}.Release|Any CPU.Build.0 = Release|Any CPU
		{FE3B2171-AC8E-4128-995B-407B2B8B2506}.Debug|Any CPU.ActiveCfg = Debug|Any CPU
		{FE3B2171-AC8E-4128-995B-407B2B8B2506}.Debug|Any CPU.Build.0 = Debug|Any CPU
		{FE3B2171-AC8E-4128-995B-407B2B8B2506}.Release|Any CPU.ActiveCfg = Release|Any CPU
		{FE3B2171-AC8E-4128-995B-407B2B8B2506}.Release|Any CPU.Build.0 = Release|Any CPU
		{FD8DAF01-0D98-4B38-9B58-C04B6E83DF5E}.Debug|Any CPU.ActiveCfg = Debug|Any CPU
		{FD8DAF01-0D98-4B38-9B58-C04B6E83DF5E}.Debug|Any CPU.Build.0 = Debug|Any CPU
		{FD8DAF01-0D98-4B38-9B58-C04B6E83DF5E}.Release|Any CPU.ActiveCfg = Release|Any CPU
		{FD8DAF01-0D98-4B38-9B58-C04B6E83DF5E}.Release|Any CPU.Build.0 = Release|Any CPU
		{F2D672A4-6038-43D7-9B20-33DACA447CA4}.Debug|Any CPU.ActiveCfg = Debug|Any CPU
		{F2D672A4-6038-43D7-9B20-33DACA447CA4}.Debug|Any CPU.Build.0 = Debug|Any CPU
		{F2D672A4-6038-43D7-9B20-33DACA447CA4}.Release|Any CPU.ActiveCfg = Release|Any CPU
		{F2D672A4-6038-43D7-9B20-33DACA447CA4}.Release|Any CPU.Build.0 = Release|Any CPU
		{46D20822-5618-4C85-9484-0A1DC2072797}.Debug|Any CPU.ActiveCfg = Debug|Any CPU
		{46D20822-5618-4C85-9484-0A1DC2072797}.Debug|Any CPU.Build.0 = Debug|Any CPU
		{46D20822-5618-4C85-9484-0A1DC2072797}.Release|Any CPU.ActiveCfg = Release|Any CPU
		{46D20822-5618-4C85-9484-0A1DC2072797}.Release|Any CPU.Build.0 = Release|Any CPU
	EndGlobalSection
	GlobalSection(SolutionProperties) = preSolution
		HideSolutionNode = FALSE
	EndGlobalSection
	GlobalSection(ExtensibilityGlobals) = postSolution
		SolutionGuid = {0F80F90B-D808-4616-AA2B-96D7521C7C8A}
	EndGlobalSection
EndGlobal
