
Microsoft Visual Studio Solution File, Format Version 12.00
# Visual Studio 15
VisualStudioVersion = 15.0.27703.2047
MinimumVisualStudioVersion = 10.0.40219.1
Project("{FAE04EC0-301F-11D3-BF4B-00C04F79EFBC}") = "Ejercicio_01", "Ejercicio_01\Ejercicio_01.csproj", "{96118477-8616-4284-BAC8-FB187CD15111}"
EndProject
Project("{FAE04EC0-301F-11D3-BF4B-00C04F79EFBC}") = "Ejercicio_02", "Ejercicio_02\Ejercicio_02.csproj", "{B4173E23-3E0C-4EE7-8DEE-E28AB138EAEF}"
EndProject
Project("{FAE04EC0-301F-11D3-BF4B-00C04F79EFBC}") = "Clase_02", "Clase_02\Clase_02.csproj", "{D8CEC1AB-C20E-4ADC-BD47-883528F619A8}"
EndProject
Project("{9A19103F-16F7-4668-BE54-9A1E7A4F7556}") = "MiLibreria", "MiLibreria\MiLibreria.csproj", "{E16A76F9-F0AB-44B5-8B57-F051F4E0775C}"
EndProject
Project("{9A19103F-16F7-4668-BE54-9A1E7A4F7556}") = "Clase_02.Entidades", "Clase_02.Entidades\Clase_02.Entidades.csproj", "{3C3894BA-32A4-460D-A3F3-FEBB4B2F15A0}"
EndProject
Project("{FAE04EC0-301F-11D3-BF4B-00C04F79EFBC}") = "Clase_03", "Clase_03\Clase_03.csproj", "{6FD51390-2A24-4596-8CAD-3BD8241D2851}"
EndProject
Project("{FAE04EC0-301F-11D3-BF4B-00C04F79EFBC}") = "Ejercicio_16", "Ejercicio_16\Ejercicio_16.csproj", "{F31D5EAC-5058-4530-A774-73DEB66E3D3E}"
EndProject
Project("{FAE04EC0-301F-11D3-BF4B-00C04F79EFBC}") = "Clase_04.Entidades", "Clase_04.Entidades\Clase_04.Entidades.csproj", "{EF42064E-009D-4062-AF33-2117E080B53E}"
EndProject
Project("{FAE04EC0-301F-11D3-BF4B-00C04F79EFBC}") = "Clase_04", "Clase_04\Clase_04.csproj", "{6C0B3E9E-6F8F-4C25-9F13-F13162E04550}"
EndProject
Project("{FAE04EC0-301F-11D3-BF4B-00C04F79EFBC}") = "Clase_04.WindowsForms", "Clase_04.WindowsForms\Clase_04.WindowsForms.csproj", "{10594802-D5C6-4842-92D8-68F679BF8EB8}"
EndProject
Project("{9A19103F-16F7-4668-BE54-9A1E7A4F7556}") = "Clase_05.Entidades", "Clase_05.Entidades\Clase_05.Entidades.csproj", "{0AFB730F-9698-473D-AD69-B7B92053F8ED}"
EndProject
Project("{9A19103F-16F7-4668-BE54-9A1E7A4F7556}") = "Clase_06.Entidades", "Clase_06.Entidades\Clase_06.Entidades.csproj", "{5E6EBC70-A863-4280-B1DD-DF4442C74B47}"
EndProject
Project("{FAE04EC0-301F-11D3-BF4B-00C04F79EFBC}") = "Clase_06", "Clase_06\Clase_06.csproj", "{79F4AACB-AEED-42DD-A8C2-3DB16169892D}"
EndProject
Project("{FAE04EC0-301F-11D3-BF4B-00C04F79EFBC}") = "Clase_07", "Clase_07\Clase_07.csproj", "{9F1BAEB4-34B0-4B00-BE01-03846E9D658F}"
EndProject
Project("{FAE04EC0-301F-11D3-BF4B-00C04F79EFBC}") = "Clase_09", "Clase_09\Clase_09.csproj", "{3175A64D-6516-4D68-84E0-5ED48E7A943F}"
EndProject
Project("{9A19103F-16F7-4668-BE54-9A1E7A4F7556}") = "Clase_09.Entidades", "Clase_09.Entidades\Clase_09.Entidades.csproj", "{24F9BB62-CC67-4351-8959-34B2F6AB699B}"
EndProject
Project("{FAE04EC0-301F-11D3-BF4B-00C04F79EFBC}") = "Clase_10.Entidades", "Clase_10.Entidades\Clase_10.Entidades.csproj", "{B5BC5DFC-35E4-473C-BCBD-E8A15AF13843}"
EndProject
Project("{FAE04EC0-301F-11D3-BF4B-00C04F79EFBC}") = "Clase_10", "Clase_10\Clase_10.csproj", "{E5072945-5D25-44A4-BA7A-0A57C444471A}"
EndProject
Global
	GlobalSection(SolutionConfigurationPlatforms) = preSolution
		Debug|Any CPU = Debug|Any CPU
		Release|Any CPU = Release|Any CPU
	EndGlobalSection
	GlobalSection(ProjectConfigurationPlatforms) = postSolution
		{96118477-8616-4284-BAC8-FB187CD15111}.Debug|Any CPU.ActiveCfg = Debug|Any CPU
		{96118477-8616-4284-BAC8-FB187CD15111}.Debug|Any CPU.Build.0 = Debug|Any CPU
		{96118477-8616-4284-BAC8-FB187CD15111}.Release|Any CPU.ActiveCfg = Release|Any CPU
		{96118477-8616-4284-BAC8-FB187CD15111}.Release|Any CPU.Build.0 = Release|Any CPU
		{B4173E23-3E0C-4EE7-8DEE-E28AB138EAEF}.Debug|Any CPU.ActiveCfg = Debug|Any CPU
		{B4173E23-3E0C-4EE7-8DEE-E28AB138EAEF}.Debug|Any CPU.Build.0 = Debug|Any CPU
		{B4173E23-3E0C-4EE7-8DEE-E28AB138EAEF}.Release|Any CPU.ActiveCfg = Release|Any CPU
		{B4173E23-3E0C-4EE7-8DEE-E28AB138EAEF}.Release|Any CPU.Build.0 = Release|Any CPU
		{D8CEC1AB-C20E-4ADC-BD47-883528F619A8}.Debug|Any CPU.ActiveCfg = Debug|Any CPU
		{D8CEC1AB-C20E-4ADC-BD47-883528F619A8}.Debug|Any CPU.Build.0 = Debug|Any CPU
		{D8CEC1AB-C20E-4ADC-BD47-883528F619A8}.Release|Any CPU.ActiveCfg = Release|Any CPU
		{D8CEC1AB-C20E-4ADC-BD47-883528F619A8}.Release|Any CPU.Build.0 = Release|Any CPU
		{E16A76F9-F0AB-44B5-8B57-F051F4E0775C}.Debug|Any CPU.ActiveCfg = Debug|Any CPU
		{E16A76F9-F0AB-44B5-8B57-F051F4E0775C}.Debug|Any CPU.Build.0 = Debug|Any CPU
		{E16A76F9-F0AB-44B5-8B57-F051F4E0775C}.Release|Any CPU.ActiveCfg = Release|Any CPU
		{E16A76F9-F0AB-44B5-8B57-F051F4E0775C}.Release|Any CPU.Build.0 = Release|Any CPU
		{3C3894BA-32A4-460D-A3F3-FEBB4B2F15A0}.Debug|Any CPU.ActiveCfg = Debug|Any CPU
		{3C3894BA-32A4-460D-A3F3-FEBB4B2F15A0}.Debug|Any CPU.Build.0 = Debug|Any CPU
		{3C3894BA-32A4-460D-A3F3-FEBB4B2F15A0}.Release|Any CPU.ActiveCfg = Release|Any CPU
		{3C3894BA-32A4-460D-A3F3-FEBB4B2F15A0}.Release|Any CPU.Build.0 = Release|Any CPU
		{6FD51390-2A24-4596-8CAD-3BD8241D2851}.Debug|Any CPU.ActiveCfg = Debug|Any CPU
		{6FD51390-2A24-4596-8CAD-3BD8241D2851}.Debug|Any CPU.Build.0 = Debug|Any CPU
		{6FD51390-2A24-4596-8CAD-3BD8241D2851}.Release|Any CPU.ActiveCfg = Release|Any CPU
		{6FD51390-2A24-4596-8CAD-3BD8241D2851}.Release|Any CPU.Build.0 = Release|Any CPU
		{F31D5EAC-5058-4530-A774-73DEB66E3D3E}.Debug|Any CPU.ActiveCfg = Debug|Any CPU
		{F31D5EAC-5058-4530-A774-73DEB66E3D3E}.Debug|Any CPU.Build.0 = Debug|Any CPU
		{F31D5EAC-5058-4530-A774-73DEB66E3D3E}.Release|Any CPU.ActiveCfg = Release|Any CPU
		{F31D5EAC-5058-4530-A774-73DEB66E3D3E}.Release|Any CPU.Build.0 = Release|Any CPU
		{EF42064E-009D-4062-AF33-2117E080B53E}.Debug|Any CPU.ActiveCfg = Debug|Any CPU
		{EF42064E-009D-4062-AF33-2117E080B53E}.Debug|Any CPU.Build.0 = Debug|Any CPU
		{EF42064E-009D-4062-AF33-2117E080B53E}.Release|Any CPU.ActiveCfg = Release|Any CPU
		{EF42064E-009D-4062-AF33-2117E080B53E}.Release|Any CPU.Build.0 = Release|Any CPU
		{6C0B3E9E-6F8F-4C25-9F13-F13162E04550}.Debug|Any CPU.ActiveCfg = Debug|Any CPU
		{6C0B3E9E-6F8F-4C25-9F13-F13162E04550}.Debug|Any CPU.Build.0 = Debug|Any CPU
		{6C0B3E9E-6F8F-4C25-9F13-F13162E04550}.Release|Any CPU.ActiveCfg = Release|Any CPU
		{6C0B3E9E-6F8F-4C25-9F13-F13162E04550}.Release|Any CPU.Build.0 = Release|Any CPU
		{10594802-D5C6-4842-92D8-68F679BF8EB8}.Debug|Any CPU.ActiveCfg = Debug|Any CPU
		{10594802-D5C6-4842-92D8-68F679BF8EB8}.Debug|Any CPU.Build.0 = Debug|Any CPU
		{10594802-D5C6-4842-92D8-68F679BF8EB8}.Release|Any CPU.ActiveCfg = Release|Any CPU
		{10594802-D5C6-4842-92D8-68F679BF8EB8}.Release|Any CPU.Build.0 = Release|Any CPU
		{0AFB730F-9698-473D-AD69-B7B92053F8ED}.Debug|Any CPU.ActiveCfg = Debug|Any CPU
		{0AFB730F-9698-473D-AD69-B7B92053F8ED}.Debug|Any CPU.Build.0 = Debug|Any CPU
		{0AFB730F-9698-473D-AD69-B7B92053F8ED}.Release|Any CPU.ActiveCfg = Release|Any CPU
		{0AFB730F-9698-473D-AD69-B7B92053F8ED}.Release|Any CPU.Build.0 = Release|Any CPU
		{5E6EBC70-A863-4280-B1DD-DF4442C74B47}.Debug|Any CPU.ActiveCfg = Debug|Any CPU
		{5E6EBC70-A863-4280-B1DD-DF4442C74B47}.Debug|Any CPU.Build.0 = Debug|Any CPU
		{5E6EBC70-A863-4280-B1DD-DF4442C74B47}.Release|Any CPU.ActiveCfg = Release|Any CPU
		{5E6EBC70-A863-4280-B1DD-DF4442C74B47}.Release|Any CPU.Build.0 = Release|Any CPU
		{79F4AACB-AEED-42DD-A8C2-3DB16169892D}.Debug|Any CPU.ActiveCfg = Debug|Any CPU
		{79F4AACB-AEED-42DD-A8C2-3DB16169892D}.Debug|Any CPU.Build.0 = Debug|Any CPU
		{79F4AACB-AEED-42DD-A8C2-3DB16169892D}.Release|Any CPU.ActiveCfg = Release|Any CPU
		{79F4AACB-AEED-42DD-A8C2-3DB16169892D}.Release|Any CPU.Build.0 = Release|Any CPU
		{9F1BAEB4-34B0-4B00-BE01-03846E9D658F}.Debug|Any CPU.ActiveCfg = Debug|Any CPU
		{9F1BAEB4-34B0-4B00-BE01-03846E9D658F}.Debug|Any CPU.Build.0 = Debug|Any CPU
		{9F1BAEB4-34B0-4B00-BE01-03846E9D658F}.Release|Any CPU.ActiveCfg = Release|Any CPU
		{9F1BAEB4-34B0-4B00-BE01-03846E9D658F}.Release|Any CPU.Build.0 = Release|Any CPU
		{3175A64D-6516-4D68-84E0-5ED48E7A943F}.Debug|Any CPU.ActiveCfg = Debug|Any CPU
		{3175A64D-6516-4D68-84E0-5ED48E7A943F}.Debug|Any CPU.Build.0 = Debug|Any CPU
		{3175A64D-6516-4D68-84E0-5ED48E7A943F}.Release|Any CPU.ActiveCfg = Release|Any CPU
		{3175A64D-6516-4D68-84E0-5ED48E7A943F}.Release|Any CPU.Build.0 = Release|Any CPU
		{24F9BB62-CC67-4351-8959-34B2F6AB699B}.Debug|Any CPU.ActiveCfg = Debug|Any CPU
		{24F9BB62-CC67-4351-8959-34B2F6AB699B}.Debug|Any CPU.Build.0 = Debug|Any CPU
		{24F9BB62-CC67-4351-8959-34B2F6AB699B}.Release|Any CPU.ActiveCfg = Release|Any CPU
		{24F9BB62-CC67-4351-8959-34B2F6AB699B}.Release|Any CPU.Build.0 = Release|Any CPU
		{B5BC5DFC-35E4-473C-BCBD-E8A15AF13843}.Debug|Any CPU.ActiveCfg = Debug|Any CPU
		{B5BC5DFC-35E4-473C-BCBD-E8A15AF13843}.Debug|Any CPU.Build.0 = Debug|Any CPU
		{B5BC5DFC-35E4-473C-BCBD-E8A15AF13843}.Release|Any CPU.ActiveCfg = Release|Any CPU
		{B5BC5DFC-35E4-473C-BCBD-E8A15AF13843}.Release|Any CPU.Build.0 = Release|Any CPU
		{E5072945-5D25-44A4-BA7A-0A57C444471A}.Debug|Any CPU.ActiveCfg = Debug|Any CPU
		{E5072945-5D25-44A4-BA7A-0A57C444471A}.Debug|Any CPU.Build.0 = Debug|Any CPU
		{E5072945-5D25-44A4-BA7A-0A57C444471A}.Release|Any CPU.ActiveCfg = Release|Any CPU
		{E5072945-5D25-44A4-BA7A-0A57C444471A}.Release|Any CPU.Build.0 = Release|Any CPU
	EndGlobalSection
	GlobalSection(SolutionProperties) = preSolution
		HideSolutionNode = FALSE
	EndGlobalSection
	GlobalSection(ExtensibilityGlobals) = postSolution
		SolutionGuid = {7EA0B9C3-18DF-4AB6-80FA-786936EDD28D}
	EndGlobalSection
EndGlobal
